
Microsoft Visual Studio Solution File, Format Version 12.00
# Visual Studio Version 17
VisualStudioVersion = 17.5.33530.505
MinimumVisualStudioVersion = 10.0.40219.1
Project("{9A19103F-16F7-4668-BE54-9A1E7A4F7556}") = "FFmpegWrapper", "FFmpegWrapper\FFmpegWrapper.csproj", "{9578B111-CD3D-44BA-8336-699884530A0C}"
EndProject
Project("{2150E333-8FDC-42A3-9474-1A3956D46DE8}") = "Samples", "Samples", "{3D89B1B5-F184-4451-86F6-A05A52E261E4}"
EndProject
Project("{9A19103F-16F7-4668-BE54-9A1E7A4F7556}") = "FrameExtractor", "Samples\FrameExtractor\FrameExtractor.csproj", "{E0ACE097-C8AF-4BA3-B239-F0510D3AB313}"
EndProject
Project("{9A19103F-16F7-4668-BE54-9A1E7A4F7556}") = "AVEncode", "Samples\AVEncode\AVEncode.csproj", "{2F677057-D38E-40A8-9F1E-14131A68902F}"
EndProject
Project("{9A19103F-16F7-4668-BE54-9A1E7A4F7556}") = "SkiaInterop", "Samples\SkiaInterop\SkiaInterop.csproj", "{117760C4-FF4D-4C30-8007-31FB9B787E2A}"
EndProject
Project("{9A19103F-16F7-4668-BE54-9A1E7A4F7556}") = "GLPlayer", "Samples\GLPlayer\GLPlayer.csproj", "{C0CED4BD-B87D-40BA-8641-9FD393755D9B}"
EndProject
Project("{9A19103F-16F7-4668-BE54-9A1E7A4F7556}") = "HWEncode", "Samples\HWEncode\HWEncode.csproj", "{5017249E-A674-4958-9976-C9456E9A6C73}"
EndProject
Project("{9A19103F-16F7-4668-BE54-9A1E7A4F7556}") = "AVTranscode", "Samples\AVTranscode\AVTranscode.csproj", "{76FF5717-BD7E-4267-95A0-4AF5F3D29B0A}"
EndProject
Project("{9A19103F-16F7-4668-BE54-9A1E7A4F7556}") = "AVFiltering", "Samples\AVFiltering\AVFiltering.csproj", "{35992514-47D1-4F86-9298-CCC73163A0E1}"
EndProject
Project("{9A19103F-16F7-4668-BE54-9A1E7A4F7556}") = "FFmpegWrapper.Tests", "FFmpegWrapper.Tests\FFmpegWrapper.Tests.csproj", "{19E971C2-414C-4102-9F5C-8D3B6C775580}"
EndProject
Project("{9A19103F-16F7-4668-BE54-9A1E7A4F7556}") = "Remux", "Samples\Remux\Remux.csproj", "{6BA9A2DE-0E08-4810-B241-A4800719EDC7}"
EndProject
Project("{FAE04EC0-301F-11D3-BF4B-00C04F79EFBC}") = "DecodeFilterVideo", "Samples\DecodeFilterVideo\DecodeFilterVideo.csproj", "{60685B06-34C5-4A44-8B38-50C46EAA82BA}"
EndProject
Project("{FAE04EC0-301F-11D3-BF4B-00C04F79EFBC}") = "ScreenCap", "Samples\ScreenCap\ScreenCap.csproj", "{8D870B54-D42D-4DB8-995F-53DA564688E5}"
EndProject
Global
	GlobalSection(SolutionConfigurationPlatforms) = preSolution
		Debug|Any CPU = Debug|Any CPU
		Release|Any CPU = Release|Any CPU
	EndGlobalSection
	GlobalSection(ProjectConfigurationPlatforms) = postSolution
		{9578B111-CD3D-44BA-8336-699884530A0C}.Debug|Any CPU.ActiveCfg = Debug|Any CPU
		{9578B111-CD3D-44BA-8336-699884530A0C}.Debug|Any CPU.Build.0 = Debug|Any CPU
		{9578B111-CD3D-44BA-8336-699884530A0C}.Release|Any CPU.ActiveCfg = Release|Any CPU
		{9578B111-CD3D-44BA-8336-699884530A0C}.Release|Any CPU.Build.0 = Release|Any CPU
		{E0ACE097-C8AF-4BA3-B239-F0510D3AB313}.Debug|Any CPU.ActiveCfg = Debug|Any CPU
		{E0ACE097-C8AF-4BA3-B239-F0510D3AB313}.Debug|Any CPU.Build.0 = Debug|Any CPU
		{E0ACE097-C8AF-4BA3-B239-F0510D3AB313}.Release|Any CPU.ActiveCfg = Release|Any CPU
		{E0ACE097-C8AF-4BA3-B239-F0510D3AB313}.Release|Any CPU.Build.0 = Release|Any CPU
		{2F677057-D38E-40A8-9F1E-14131A68902F}.Debug|Any CPU.ActiveCfg = Debug|Any CPU
		{2F677057-D38E-40A8-9F1E-14131A68902F}.Debug|Any CPU.Build.0 = Debug|Any CPU
		{2F677057-D38E-40A8-9F1E-14131A68902F}.Release|Any CPU.ActiveCfg = Release|Any CPU
		{2F677057-D38E-40A8-9F1E-14131A68902F}.Release|Any CPU.Build.0 = Release|Any CPU
		{117760C4-FF4D-4C30-8007-31FB9B787E2A}.Debug|Any CPU.ActiveCfg = Debug|Any CPU
		{117760C4-FF4D-4C30-8007-31FB9B787E2A}.Debug|Any CPU.Build.0 = Debug|Any CPU
		{117760C4-FF4D-4C30-8007-31FB9B787E2A}.Release|Any CPU.ActiveCfg = Release|Any CPU
		{117760C4-FF4D-4C30-8007-31FB9B787E2A}.Release|Any CPU.Build.0 = Release|Any CPU
		{C0CED4BD-B87D-40BA-8641-9FD393755D9B}.Debug|Any CPU.ActiveCfg = Debug|Any CPU
		{C0CED4BD-B87D-40BA-8641-9FD393755D9B}.Debug|Any CPU.Build.0 = Debug|Any CPU
		{C0CED4BD-B87D-40BA-8641-9FD393755D9B}.Release|Any CPU.ActiveCfg = Release|Any CPU
		{C0CED4BD-B87D-40BA-8641-9FD393755D9B}.Release|Any CPU.Build.0 = Release|Any CPU
		{5017249E-A674-4958-9976-C9456E9A6C73}.Debug|Any CPU.ActiveCfg = Debug|Any CPU
		{5017249E-A674-4958-9976-C9456E9A6C73}.Debug|Any CPU.Build.0 = Debug|Any CPU
		{5017249E-A674-4958-9976-C9456E9A6C73}.Release|Any CPU.ActiveCfg = Release|Any CPU
		{5017249E-A674-4958-9976-C9456E9A6C73}.Release|Any CPU.Build.0 = Release|Any CPU
		{76FF5717-BD7E-4267-95A0-4AF5F3D29B0A}.Debug|Any CPU.ActiveCfg = Debug|Any CPU
		{76FF5717-BD7E-4267-95A0-4AF5F3D29B0A}.Debug|Any CPU.Build.0 = Debug|Any CPU
		{76FF5717-BD7E-4267-95A0-4AF5F3D29B0A}.Release|Any CPU.ActiveCfg = Release|Any CPU
		{76FF5717-BD7E-4267-95A0-4AF5F3D29B0A}.Release|Any CPU.Build.0 = Release|Any CPU
		{35992514-47D1-4F86-9298-CCC73163A0E1}.Debug|Any CPU.ActiveCfg = Debug|Any CPU
		{35992514-47D1-4F86-9298-CCC73163A0E1}.Debug|Any CPU.Build.0 = Debug|Any CPU
		{35992514-47D1-4F86-9298-CCC73163A0E1}.Release|Any CPU.ActiveCfg = Release|Any CPU
		{35992514-47D1-4F86-9298-CCC73163A0E1}.Release|Any CPU.Build.0 = Release|Any CPU
		{19E971C2-414C-4102-9F5C-8D3B6C775580}.Debug|Any CPU.ActiveCfg = Debug|Any CPU
		{19E971C2-414C-4102-9F5C-8D3B6C775580}.Debug|Any CPU.Build.0 = Debug|Any CPU
		{19E971C2-414C-4102-9F5C-8D3B6C775580}.Release|Any CPU.ActiveCfg = Release|Any CPU
		{19E971C2-414C-4102-9F5C-8D3B6C775580}.Release|Any CPU.Build.0 = Release|Any CPU
		{6BA9A2DE-0E08-4810-B241-A4800719EDC7}.Debug|Any CPU.ActiveCfg = Debug|Any CPU
		{6BA9A2DE-0E08-4810-B241-A4800719EDC7}.Debug|Any CPU.Build.0 = Debug|Any CPU
		{6BA9A2DE-0E08-4810-B241-A4800719EDC7}.Release|Any CPU.ActiveCfg = Release|Any CPU
		{6BA9A2DE-0E08-4810-B241-A4800719EDC7}.Release|Any CPU.Build.0 = Release|Any CPU
		{60685B06-34C5-4A44-8B38-50C46EAA82BA}.Debug|Any CPU.ActiveCfg = Debug|Any CPU
		{60685B06-34C5-4A44-8B38-50C46EAA82BA}.Debug|Any CPU.Build.0 = Debug|Any CPU
		{60685B06-34C5-4A44-8B38-50C46EAA82BA}.Release|Any CPU.ActiveCfg = Release|Any CPU
		{60685B06-34C5-4A44-8B38-50C46EAA82BA}.Release|Any CPU.Build.0 = Release|Any CPU
		{8D870B54-D42D-4DB8-995F-53DA564688E5}.Debug|Any CPU.ActiveCfg = Debug|Any CPU
		{8D870B54-D42D-4DB8-995F-53DA564688E5}.Debug|Any CPU.Build.0 = Debug|Any CPU
		{8D870B54-D42D-4DB8-995F-53DA564688E5}.Release|Any CPU.ActiveCfg = Release|Any CPU
		{8D870B54-D42D-4DB8-995F-53DA564688E5}.Release|Any CPU.Build.0 = Release|Any CPU
	EndGlobalSection
	GlobalSection(SolutionProperties) = preSolution
		HideSolutionNode = FALSE
	EndGlobalSection
	GlobalSection(NestedProjects) = preSolution
		{E0ACE097-C8AF-4BA3-B239-F0510D3AB313} = {3D89B1B5-F184-4451-86F6-A05A52E261E4}
		{2F677057-D38E-40A8-9F1E-14131A68902F} = {3D89B1B5-F184-4451-86F6-A05A52E261E4}
		{117760C4-FF4D-4C30-8007-31FB9B787E2A} = {3D89B1B5-F184-4451-86F6-A05A52E261E4}
		{C0CED4BD-B87D-40BA-8641-9FD393755D9B} = {3D89B1B5-F184-4451-86F6-A05A52E261E4}
		{5017249E-A674-4958-9976-C9456E9A6C73} = {3D89B1B5-F184-4451-86F6-A05A52E261E4}
		{76FF5717-BD7E-4267-95A0-4AF5F3D29B0A} = {3D89B1B5-F184-4451-86F6-A05A52E261E4}
		{35992514-47D1-4F86-9298-CCC73163A0E1} = {3D89B1B5-F184-4451-86F6-A05A52E261E4}
		{6BA9A2DE-0E08-4810-B241-A4800719EDC7} = {3D89B1B5-F184-4451-86F6-A05A52E261E4}
		{60685B06-34C5-4A44-8B38-50C46EAA82BA} = {3D89B1B5-F184-4451-86F6-A05A52E261E4}
		{8D870B54-D42D-4DB8-995F-53DA564688E5} = {3D89B1B5-F184-4451-86F6-A05A52E261E4}
	EndGlobalSection
	GlobalSection(ExtensibilityGlobals) = postSolution
		SolutionGuid = {FBB6A4C7-BCD6-45BD-A659-7BADD859E7D4}
	EndGlobalSection
EndGlobal
